{
  "lockfile-version": 1,
  "manifest": {
    "version": 1,
    "install": {
      "bat": {
        "pkg-path": "bat"
      },
      "fzf": {
        "pkg-path": "fzf"
      },
      "glow": {
        "pkg-path": "glow"
      },
      "less": {
        "pkg-path": "less"
      },
      "ripgrep": {
        "pkg-path": "ripgrep"
      }
    },
    "vars": {
      "FLOX_MD_DESCRIPTION": "Comprehensive Flox environment creation guide with patterns and best practices",
      "FLOX_MD_VERSION": "1.0.0"
    },
    "hook": {
      "on-activate": "  echo \"Flox Documentation Package Development Environment\"\n  echo \"==================================================\"\n  echo \"\"\n  echo \"Build commands:\"\n  echo \"  flox build flox-md      - Build the documentation package\"\n  echo \"\"\n  echo \"After building:\"\n  echo \"  ./result-flox-md/bin/flox-md     - Read the guide\"\n  echo \"  ./result-flox-md/bin/flox-search - Search the guide\"\n  echo \"  ./result-flox-md/bin/flox-browse - Browse sections\"\n  echo \"  ./result-flox-md/bin/flox-quick  - Quick reference\"\n"
    },
    "profile": {
      "common": "  # Development helpers\n  test_package() {\n    echo \"Building flox-md package...\"\n    if flox build flox-md; then\n      echo \"✓ Build successful!\"\n      echo \"\"\n      echo \"Testing commands:\"\n      ./result-flox-md/bin/flox-md --help\n      echo \"\"\n      echo \"Try: ./result-flox-md/bin/flox-md\"\n    else\n      echo \"✗ Build failed\"\n      return 1\n    fi\n  }\n  \n  publish_docs() {\n    local org=\"${1:-}\"\n    if [ -z \"$org\" ]; then\n      echo \"Usage: publish_docs <org-name>\"\n      echo \"Example: publish_docs barstoolbluz\"\n      return 1\n    fi\n    \n    echo \"Publishing flox-md to $org...\"\n    flox publish -o \"$org\" flox-md\n  }\n"
    },
    "options": {
      "systems": [
        "x86_64-linux",
        "aarch64-linux",
        "x86_64-darwin",
        "aarch64-darwin"
      ]
    },
    "build": {
      "flox-md": {
        "command": "set -euo pipefail\n\necho \"Building Flox Documentation Package...\"\n\n# Create output directories\nmkdir -p \"$out\"/{bin,share/doc/flox-md,share/man/man1}\n\n# Copy the documentation\ncp FLOX.md \"$out/share/doc/flox-md/\"\n\n# Create the main reader command\ncat > \"$out/bin/flox-md\" << 'EOF'\n#!/usr/bin/env bash\nset -euo pipefail\n\nDOC_ROOT=\"$(dirname \"$(dirname \"$(readlink -f \"$0\")\")\")/share/doc/flox-md\"\nDOC_FILE=\"$DOC_ROOT/FLOX.md\"\n\n# Parse command line options\ncase \"${1:-}\" in\n  --help|-h)\n    cat << HELP\nFlox Documentation Reader\n\nUsage: flox-md [options] [section]\n\nOptions:\n  --help, -h       Show this help message\n  --raw            Show raw markdown without rendering\n  --bat            Use bat for syntax highlighting\n  --glow           Use glow for rendering (default)\n  --less           Use less pager\n  --search TERM    Search for TERM in documentation\n  --list           List all sections\n  \nSection numbers:\n  0-20    Jump to specific section\n  python  Jump to Python patterns (16a)\n  cuda    Jump to CUDA patterns (16c)\n  build   Jump to build system (9)\n  service Jump to services (8)\n\nExamples:\n  flox-md                   # Read full guide with glow\n  flox-md 9                 # Jump to build system section\n  flox-md python            # Jump to Python patterns\n  flox-md --search venv     # Search for venv mentions\n  flox-md --raw | less      # View raw markdown\nHELP\n    exit 0\n    ;;\n  \n  --raw)\n    cat \"$DOC_FILE\"\n    ;;\n  \n  --bat)\n    command -v bat &>/dev/null && bat --language md --paging always \"$DOC_FILE\" || cat \"$DOC_FILE\"\n    ;;\n  \n  --less)\n    less \"$DOC_FILE\"\n    ;;\n  \n  --search)\n    shift\n    if [ -z \"${1:-}\" ]; then\n      echo \"Error: --search requires a search term\"\n      exit 1\n    fi\n    echo \"Searching for: $1\"\n    echo \"\"\n    if command -v rg &>/dev/null; then\n      rg --color always -B2 -A2 -i \"$1\" \"$DOC_FILE\" | less -R\n    else\n      grep --color=always -B2 -A2 -i \"$1\" \"$DOC_FILE\" | less -R\n    fi\n    ;;\n  \n  --list)\n    echo \"Flox Documentation Sections:\"\n    echo \"\"\n    grep \"^##\" \"$DOC_FILE\" | sed 's/^## */  /'\n    ;;\n  \n  # Section shortcuts\n  [0-9]|[0-9][0-9])\n    SECTION=\"$1\"\n    if command -v glow &>/dev/null; then\n      awk \"/^## $SECTION /{flag=1} /^## [0-9]+ /{if(flag && \\$2!=$SECTION)exit} flag\" \"$DOC_FILE\" | glow -p\n    else\n      awk \"/^## $SECTION /{flag=1} /^## [0-9]+ /{if(flag && \\$2!=$SECTION)exit} flag\" \"$DOC_FILE\" | less\n    fi\n    ;;\n  \n  python|py)\n    if command -v glow &>/dev/null; then\n      awk '/^## 16a Python/{flag=1} /^## 16b/{exit} flag' \"$DOC_FILE\" | glow -p\n    else\n      awk '/^## 16a Python/{flag=1} /^## 16b/{exit} flag' \"$DOC_FILE\" | less\n    fi\n    ;;\n  \n  cuda|gpu)\n    if command -v glow &>/dev/null; then\n      awk '/^## 16c CUDA/{flag=1} /^## 17/{exit} flag' \"$DOC_FILE\" | glow -p\n    else\n      awk '/^## 16c CUDA/{flag=1} /^## 17/{exit} flag' \"$DOC_FILE\" | less\n    fi\n    ;;\n  \n  build)\n    if command -v glow &>/dev/null; then\n      awk '/^# 9 Build System/{flag=1} /^## 10/{exit} flag' \"$DOC_FILE\" | glow -p\n    else\n      awk '/^# 9 Build System/{flag=1} /^## 10/{exit} flag' \"$DOC_FILE\" | less\n    fi\n    ;;\n  \n  service|services)\n    if command -v glow &>/dev/null; then\n      awk '/^## 8 Services/{flag=1} /^# 9/{exit} flag' \"$DOC_FILE\" | glow -p\n    else\n      awk '/^## 8 Services/{flag=1} /^# 9/{exit} flag' \"$DOC_FILE\" | less\n    fi\n    ;;\n  \n  --glow|\"\")\n    # Default: use glow for beautiful rendering\n    if command -v glow &>/dev/null; then\n      glow -p \"$DOC_FILE\"\n    else\n      echo \"Note: Install glow for better rendering: flox install glow\"\n      less \"$DOC_FILE\"\n    fi\n    ;;\n  \n  *)\n    echo \"Unknown option: $1\"\n    echo \"Try: flox-md --help\"\n    exit 1\n    ;;\nesac\nEOF\n\nchmod +x \"$out/bin/flox-md\"\n\n# Create search command\ncat > \"$out/bin/flox-search\" << 'EOF'\n#!/usr/bin/env bash\nset -euo pipefail\n\nDOC_ROOT=\"$(dirname \"$(dirname \"$(readlink -f \"$0\")\")\")/share/doc/flox-md\"\nDOC_FILE=\"$DOC_ROOT/FLOX.md\"\n\nif [ -z \"${1:-}\" ]; then\n  echo \"Usage: flox-search <term>\"\n  echo \"\"\n  echo \"Examples:\"\n  echo \"  flox-search venv        # Search for venv\"\n  echo \"  flox-search 'pkg-path'  # Search for pkg-path\"\n  echo \"  flox-search build       # Search for build\"\n  exit 1\nfi\n\necho \"Searching FLOX.md for: $1\"\necho \"========================\"\necho \"\"\n\nif command -v rg &>/dev/null; then\n  rg --color always -B2 -A2 -i \"$1\" \"$DOC_FILE\" | less -R\nelse\n  grep --color=always -B2 -A2 -i \"$1\" \"$DOC_FILE\" | less -R\nfi\nEOF\n\nchmod +x \"$out/bin/flox-search\"\n\n# Create interactive section browser\ncat > \"$out/bin/flox-browse\" << 'EOF'\n#!/usr/bin/env bash\nset -euo pipefail\n\nDOC_ROOT=\"$(dirname \"$(dirname \"$(readlink -f \"$0\")\")\")/share/doc/flox-md\"\nDOC_FILE=\"$DOC_ROOT/FLOX.md\"\n\nif ! command -v fzf &>/dev/null; then\n  echo \"Error: fzf is required for browsing\"\n  echo \"Install with: flox install fzf\"\n  exit 1\nfi\n\n# Extract sections and let user choose\nSECTION=$(grep \"^##\" \"$DOC_FILE\" | \\\n  sed 's/^## *//' | \\\n  fzf --preview \"grep -A 20 '^## {}' '$DOC_FILE'\" \\\n      --preview-window=right:60% \\\n      --height=80% \\\n      --header=\"Select a section to read\")\n\nif [ -n \"$SECTION\" ]; then\n  # Display the selected section\n  if command -v glow &>/dev/null; then\n    awk \"/^## $SECTION/{flag=1} /^## [^$SECTION]/{if(flag)exit} flag\" \"$DOC_FILE\" | glow -p\n  else\n    awk \"/^## $SECTION/{flag=1} /^## [^$SECTION]/{if(flag)exit} flag\" \"$DOC_FILE\" | less\n  fi\nfi\nEOF\n\nchmod +x \"$out/bin/flox-browse\"\n\n# Create quick reference card\ncat > \"$out/bin/flox-quick\" << 'EOF'\n#!/usr/bin/env bash\n\ncat << 'QUICK'\nFLOX QUICK REFERENCE\n====================\n\nESSENTIAL COMMANDS\n  flox init                    Create environment\n  flox search <pkg>            Find packages\n  flox install <pkg>           Add package\n  flox activate                Enter environment\n  flox build <target>          Build package\n  flox publish <pkg>           Publish to catalog\n\nMANIFEST SECTIONS\n  [install]                    Package dependencies\n  [vars]                       Environment variables\n  [hook]                       Activation scripts (bash)\n  [profile]                    Shell functions/aliases\n  [services]                   Background services\n  [build]                      Package build definitions\n\nKEY PATHS\n  $FLOX_ENV_PROJECT           Project root (.flox location)\n  $FLOX_ENV_CACHE             Persistent cache\n  $FLOX_ENV                   Environment root (/usr equivalent)\n\nPYTHON PATTERNS\n  venv: $FLOX_ENV_CACHE/venv  Never in project root\n  uv pip install --python \"$venv/bin/python\" <pkg>\n\nBUILD PATTERNS\n  runtime-packages = [...]     Declare runtime deps\n  $out/bin/                    Put executables here\n  $out/share/<name>/           Put resources here\n\nSERVICE PATTERNS\n  is-daemon = true             Background service\n  shutdown.command = \"...\"     Cleanup command\n  vars.PORT = \"8080\"           Service-specific vars\n\nTIPS\n  • Hook runs in bash, not your shell\n  • Services don't inherit hook state\n  • Build hooks don't run during flox build\n  • Use pkg-group to avoid conflicts\n  • Override package vars in runtime env\nQUICK\nEOF\n\nchmod +x \"$out/bin/flox-quick\"\n\necho \"✓ Flox documentation package built successfully\"\necho \"  Version: $FLOX_MD_VERSION\"\necho \"  Commands: flox-md, flox-search, flox-browse, flox-quick\"\n",
        "runtime-packages": [
          "bat",
          "glow",
          "ripgrep",
          "fzf",
          "less"
        ],
        "version": "1.0.0",
        "description": "Comprehensive Flox environment creation guide"
      }
    }
  },
  "packages": [
    {
      "attr_path": "bat",
      "broken": false,
      "derivation": "/nix/store/j04qnjm46aaf23ljincnnhhak7864vl6-bat-0.25.0.drv",
      "description": "Cat(1) clone with syntax highlighting and Git integration",
      "install_id": "bat",
      "license": "[ Apache-2.0, MIT ]",
      "locked_url": "https://github.com/flox/nixpkgs?rev=20075955deac2583bb12f07151c2df830ef346b4",
      "name": "bat-0.25.0",
      "pname": "bat",
      "rev": "20075955deac2583bb12f07151c2df830ef346b4",
      "rev_count": 846535,
      "rev_date": "2025-08-19T15:00:17Z",
      "scrape_date": "2025-08-24T15:38:52.206922Z",
      "stabilities": [
        "unstable"
      ],
      "unfree": false,
      "version": "0.25.0",
      "outputs_to_install": [
        "out"
      ],
      "outputs": {
        "out": "/nix/store/xl3zn1i9w2ai90q29a1051kp2yr2falc-bat-0.25.0"
      },
      "system": "aarch64-darwin",
      "group": "toplevel",
      "priority": 5
    },
    {
      "attr_path": "bat",
      "broken": false,
      "derivation": "/nix/store/r69qq0vkkf0n69fz27sc9k1ndyz2h3p7-bat-0.25.0.drv",
      "description": "Cat(1) clone with syntax highlighting and Git integration",
      "install_id": "bat",
      "license": "[ Apache-2.0, MIT ]",
      "locked_url": "https://github.com/flox/nixpkgs?rev=20075955deac2583bb12f07151c2df830ef346b4",
      "name": "bat-0.25.0",
      "pname": "bat",
      "rev": "20075955deac2583bb12f07151c2df830ef346b4",
      "rev_count": 846535,
      "rev_date": "2025-08-19T15:00:17Z",
      "scrape_date": "2025-08-24T16:05:24.573953Z",
      "stabilities": [
        "unstable"
      ],
      "unfree": false,
      "version": "0.25.0",
      "outputs_to_install": [
        "out"
      ],
      "outputs": {
        "out": "/nix/store/kp4wh02kfqyblmk84yq5lpfr6r7ngxix-bat-0.25.0"
      },
      "system": "aarch64-linux",
      "group": "toplevel",
      "priority": 5
    },
    {
      "attr_path": "bat",
      "broken": false,
      "derivation": "/nix/store/ybsjcip8bs28rl5b7rzdj3l1knmhqn2k-bat-0.25.0.drv",
      "description": "Cat(1) clone with syntax highlighting and Git integration",
      "install_id": "bat",
      "license": "[ Apache-2.0, MIT ]",
      "locked_url": "https://github.com/flox/nixpkgs?rev=20075955deac2583bb12f07151c2df830ef346b4",
      "name": "bat-0.25.0",
      "pname": "bat",
      "rev": "20075955deac2583bb12f07151c2df830ef346b4",
      "rev_count": 846535,
      "rev_date": "2025-08-19T15:00:17Z",
      "scrape_date": "2025-08-24T16:29:24.894760Z",
      "stabilities": [
        "unstable"
      ],
      "unfree": false,
      "version": "0.25.0",
      "outputs_to_install": [
        "out"
      ],
      "outputs": {
        "out": "/nix/store/1yddl5k3ws6xl7bfvl8inqlvd1h10bha-bat-0.25.0"
      },
      "system": "x86_64-darwin",
      "group": "toplevel",
      "priority": 5
    },
    {
      "attr_path": "bat",
      "broken": false,
      "derivation": "/nix/store/2rbwgxb9kwn72xrlbfbdg6w6215nvdak-bat-0.25.0.drv",
      "description": "Cat(1) clone with syntax highlighting and Git integration",
      "install_id": "bat",
      "license": "[ Apache-2.0, MIT ]",
      "locked_url": "https://github.com/flox/nixpkgs?rev=20075955deac2583bb12f07151c2df830ef346b4",
      "name": "bat-0.25.0",
      "pname": "bat",
      "rev": "20075955deac2583bb12f07151c2df830ef346b4",
      "rev_count": 846535,
      "rev_date": "2025-08-19T15:00:17Z",
      "scrape_date": "2025-08-24T16:57:25.556352Z",
      "stabilities": [
        "unstable"
      ],
      "unfree": false,
      "version": "0.25.0",
      "outputs_to_install": [
        "out"
      ],
      "outputs": {
        "out": "/nix/store/mwg9cw21x0vxj4vlj18kzxdh542a8wml-bat-0.25.0"
      },
      "system": "x86_64-linux",
      "group": "toplevel",
      "priority": 5
    },
    {
      "attr_path": "fzf",
      "broken": false,
      "derivation": "/nix/store/6x6mqzk04c38m8sl8alf5yx69gpfmyz8-fzf-0.65.1.drv",
      "description": "Command-line fuzzy finder written in Go",
      "install_id": "fzf",
      "license": "MIT",
      "locked_url": "https://github.com/flox/nixpkgs?rev=20075955deac2583bb12f07151c2df830ef346b4",
      "name": "fzf-0.65.1",
      "pname": "fzf",
      "rev": "20075955deac2583bb12f07151c2df830ef346b4",
      "rev_count": 846535,
      "rev_date": "2025-08-19T15:00:17Z",
      "scrape_date": "2025-08-24T15:38:53.082390Z",
      "stabilities": [
        "unstable"
      ],
      "unfree": false,
      "version": "0.65.1",
      "outputs_to_install": [
        "man",
        "out"
      ],
      "outputs": {
        "man": "/nix/store/bi6hvv72zh2zqgagirqvpjddpyfb8jkq-fzf-0.65.1-man",
        "out": "/nix/store/1g47v585sy9mbp83bpr15xm00jk6zfqd-fzf-0.65.1"
      },
      "system": "aarch64-darwin",
      "group": "toplevel",
      "priority": 5
    },
    {
      "attr_path": "fzf",
      "broken": false,
      "derivation": "/nix/store/52ygpid73gxfi6abp5as4r3672vnbzq0-fzf-0.65.1.drv",
      "description": "Command-line fuzzy finder written in Go",
      "install_id": "fzf",
      "license": "MIT",
      "locked_url": "https://github.com/flox/nixpkgs?rev=20075955deac2583bb12f07151c2df830ef346b4",
      "name": "fzf-0.65.1",
      "pname": "fzf",
      "rev": "20075955deac2583bb12f07151c2df830ef346b4",
      "rev_count": 846535,
      "rev_date": "2025-08-19T15:00:17Z",
      "scrape_date": "2025-08-24T16:05:25.961354Z",
      "stabilities": [
        "unstable"
      ],
      "unfree": false,
      "version": "0.65.1",
      "outputs_to_install": [
        "man",
        "out"
      ],
      "outputs": {
        "man": "/nix/store/rw1fi4rdjpxcv1x1ln5q5iqdgp3bi0k3-fzf-0.65.1-man",
        "out": "/nix/store/cxw0r42cdwggxgnsxzh5v7h5szb4zn52-fzf-0.65.1"
      },
      "system": "aarch64-linux",
      "group": "toplevel",
      "priority": 5
    },
    {
      "attr_path": "fzf",
      "broken": false,
      "derivation": "/nix/store/kjknmm8wmgxm7fczwpgm5n9r385b10zv-fzf-0.65.1.drv",
      "description": "Command-line fuzzy finder written in Go",
      "install_id": "fzf",
      "license": "MIT",
      "locked_url": "https://github.com/flox/nixpkgs?rev=20075955deac2583bb12f07151c2df830ef346b4",
      "name": "fzf-0.65.1",
      "pname": "fzf",
      "rev": "20075955deac2583bb12f07151c2df830ef346b4",
      "rev_count": 846535,
      "rev_date": "2025-08-19T15:00:17Z",
      "scrape_date": "2025-08-24T16:29:25.787274Z",
      "stabilities": [
        "unstable"
      ],
      "unfree": false,
      "version": "0.65.1",
      "outputs_to_install": [
        "man",
        "out"
      ],
      "outputs": {
        "man": "/nix/store/1f9mh3lghzdj06wf5g4cdypyva712idf-fzf-0.65.1-man",
        "out": "/nix/store/dnjnbx0yci902phzbdcjc5d6328xswy6-fzf-0.65.1"
      },
      "system": "x86_64-darwin",
      "group": "toplevel",
      "priority": 5
    },
    {
      "attr_path": "fzf",
      "broken": false,
      "derivation": "/nix/store/byqynsij1swnf4hw3xv4s2q8060ccc19-fzf-0.65.1.drv",
      "description": "Command-line fuzzy finder written in Go",
      "install_id": "fzf",
      "license": "MIT",
      "locked_url": "https://github.com/flox/nixpkgs?rev=20075955deac2583bb12f07151c2df830ef346b4",
      "name": "fzf-0.65.1",
      "pname": "fzf",
      "rev": "20075955deac2583bb12f07151c2df830ef346b4",
      "rev_count": 846535,
      "rev_date": "2025-08-19T15:00:17Z",
      "scrape_date": "2025-08-24T16:57:27.133616Z",
      "stabilities": [
        "unstable"
      ],
      "unfree": false,
      "version": "0.65.1",
      "outputs_to_install": [
        "man",
        "out"
      ],
      "outputs": {
        "man": "/nix/store/2jb1xjfcilpzcgd692qb84gn87cvvhl7-fzf-0.65.1-man",
        "out": "/nix/store/6a4wknif1z62kdn3cbkak78kyf462cxj-fzf-0.65.1"
      },
      "system": "x86_64-linux",
      "group": "toplevel",
      "priority": 5
    },
    {
      "attr_path": "glow",
      "broken": false,
      "derivation": "/nix/store/bkh29863l6a6ww2yqz8z1asb16chp31l-glow-2.1.1.drv",
      "description": "Render markdown on the CLI, with pizzazz",
      "install_id": "glow",
      "license": "MIT",
      "locked_url": "https://github.com/flox/nixpkgs?rev=20075955deac2583bb12f07151c2df830ef346b4",
      "name": "glow-2.1.1",
      "pname": "glow",
      "rev": "20075955deac2583bb12f07151c2df830ef346b4",
      "rev_count": 846535,
      "rev_date": "2025-08-19T15:00:17Z",
      "scrape_date": "2025-08-24T15:38:53.274585Z",
      "stabilities": [
        "unstable"
      ],
      "unfree": false,
      "version": "2.1.1",
      "outputs_to_install": [
        "out"
      ],
      "outputs": {
        "out": "/nix/store/9klpngq42n0f6l20iwa4bdw6qdygmlv9-glow-2.1.1"
      },
      "system": "aarch64-darwin",
      "group": "toplevel",
      "priority": 5
    },
    {
      "attr_path": "glow",
      "broken": false,
      "derivation": "/nix/store/vf64pkmxms0havwzs649nz7h8yryai7i-glow-2.1.1.drv",
      "description": "Render markdown on the CLI, with pizzazz",
      "install_id": "glow",
      "license": "MIT",
      "locked_url": "https://github.com/flox/nixpkgs?rev=20075955deac2583bb12f07151c2df830ef346b4",
      "name": "glow-2.1.1",
      "pname": "glow",
      "rev": "20075955deac2583bb12f07151c2df830ef346b4",
      "rev_count": 846535,
      "rev_date": "2025-08-19T15:00:17Z",
      "scrape_date": "2025-08-24T16:05:26.235261Z",
      "stabilities": [
        "unstable"
      ],
      "unfree": false,
      "version": "2.1.1",
      "outputs_to_install": [
        "out"
      ],
      "outputs": {
        "out": "/nix/store/hr0x3a9f6dakg6jprfslrr3d5mf1yklr-glow-2.1.1"
      },
      "system": "aarch64-linux",
      "group": "toplevel",
      "priority": 5
    },
    {
      "attr_path": "glow",
      "broken": false,
      "derivation": "/nix/store/244db5nvzgpkb7292rhlw5vkzza6s5yq-glow-2.1.1.drv",
      "description": "Render markdown on the CLI, with pizzazz",
      "install_id": "glow",
      "license": "MIT",
      "locked_url": "https://github.com/flox/nixpkgs?rev=20075955deac2583bb12f07151c2df830ef346b4",
      "name": "glow-2.1.1",
      "pname": "glow",
      "rev": "20075955deac2583bb12f07151c2df830ef346b4",
      "rev_count": 846535,
      "rev_date": "2025-08-19T15:00:17Z",
      "scrape_date": "2025-08-24T16:29:25.977540Z",
      "stabilities": [
        "unstable"
      ],
      "unfree": false,
      "version": "2.1.1",
      "outputs_to_install": [
        "out"
      ],
      "outputs": {
        "out": "/nix/store/pipzshz01yz9f6siaqccdvx7n4i90gpi-glow-2.1.1"
      },
      "system": "x86_64-darwin",
      "group": "toplevel",
      "priority": 5
    },
    {
      "attr_path": "glow",
      "broken": false,
      "derivation": "/nix/store/diqwzp67bjppgayfz0dka0r5yqyiv3rf-glow-2.1.1.drv",
      "description": "Render markdown on the CLI, with pizzazz",
      "install_id": "glow",
      "license": "MIT",
      "locked_url": "https://github.com/flox/nixpkgs?rev=20075955deac2583bb12f07151c2df830ef346b4",
      "name": "glow-2.1.1",
      "pname": "glow",
      "rev": "20075955deac2583bb12f07151c2df830ef346b4",
      "rev_count": 846535,
      "rev_date": "2025-08-19T15:00:17Z",
      "scrape_date": "2025-08-24T16:57:27.434814Z",
      "stabilities": [
        "unstable"
      ],
      "unfree": false,
      "version": "2.1.1",
      "outputs_to_install": [
        "out"
      ],
      "outputs": {
        "out": "/nix/store/zli90b2g2m1dl9bnxyp3s9m39ksxl5wi-glow-2.1.1"
      },
      "system": "x86_64-linux",
      "group": "toplevel",
      "priority": 5
    },
    {
      "attr_path": "less",
      "broken": false,
      "derivation": "/nix/store/ymk89yqjngczs04jj8yr9f4whbxgq7a7-less-679.drv",
      "description": "More advanced file pager than 'more'",
      "install_id": "less",
      "license": "GPL-3.0-or-later",
      "locked_url": "https://github.com/flox/nixpkgs?rev=20075955deac2583bb12f07151c2df830ef346b4",
      "name": "less-679",
      "pname": "less",
      "rev": "20075955deac2583bb12f07151c2df830ef346b4",
      "rev_count": 846535,
      "rev_date": "2025-08-19T15:00:17Z",
      "scrape_date": "2025-08-24T15:38:54.844397Z",
      "stabilities": [
        "unstable"
      ],
      "unfree": false,
      "version": "679",
      "outputs_to_install": [
        "man",
        "out"
      ],
      "outputs": {
        "man": "/nix/store/9xqi0rkgl8mvr1dkp6440fq73swdnppn-less-679-man",
        "out": "/nix/store/8r81vm9zpb7hvmz265ac895flsj2ppz2-less-679"
      },
      "system": "aarch64-darwin",
      "group": "toplevel",
      "priority": 5
    },
    {
      "attr_path": "less",
      "broken": false,
      "derivation": "/nix/store/3n9b310kzgva20h5a367bxp9l2w6hnw4-less-679.drv",
      "description": "More advanced file pager than 'more'",
      "install_id": "less",
      "license": "GPL-3.0-or-later",
      "locked_url": "https://github.com/flox/nixpkgs?rev=20075955deac2583bb12f07151c2df830ef346b4",
      "name": "less-679",
      "pname": "less",
      "rev": "20075955deac2583bb12f07151c2df830ef346b4",
      "rev_count": 846535,
      "rev_date": "2025-08-19T15:00:17Z",
      "scrape_date": "2025-08-24T16:05:29.276469Z",
      "stabilities": [
        "unstable"
      ],
      "unfree": false,
      "version": "679",
      "outputs_to_install": [
        "man",
        "out"
      ],
      "outputs": {
        "man": "/nix/store/dsqb5zln6rb52a1cq1aib75dji7xyc7z-less-679-man",
        "out": "/nix/store/l9l57ps6i277xbw95dzv4ilbvybd2dhj-less-679"
      },
      "system": "aarch64-linux",
      "group": "toplevel",
      "priority": 5
    },
    {
      "attr_path": "less",
      "broken": false,
      "derivation": "/nix/store/93hklrajnwpw607034h944zrl49myyr2-less-679.drv",
      "description": "More advanced file pager than 'more'",
      "install_id": "less",
      "license": "GPL-3.0-or-later",
      "locked_url": "https://github.com/flox/nixpkgs?rev=20075955deac2583bb12f07151c2df830ef346b4",
      "name": "less-679",
      "pname": "less",
      "rev": "20075955deac2583bb12f07151c2df830ef346b4",
      "rev_count": 846535,
      "rev_date": "2025-08-19T15:00:17Z",
      "scrape_date": "2025-08-24T16:29:27.070715Z",
      "stabilities": [
        "unstable"
      ],
      "unfree": false,
      "version": "679",
      "outputs_to_install": [
        "man",
        "out"
      ],
      "outputs": {
        "man": "/nix/store/xxnbwa684qqkl5c6xk6r64k5ixq2mkhl-less-679-man",
        "out": "/nix/store/jwj5d902dhh3q28idnzmzkq2jzfkh1fj-less-679"
      },
      "system": "x86_64-darwin",
      "group": "toplevel",
      "priority": 5
    },
    {
      "attr_path": "less",
      "broken": false,
      "derivation": "/nix/store/4d95lcf599rc8ckpz4dp80n6agmqnj0g-less-679.drv",
      "description": "More advanced file pager than 'more'",
      "install_id": "less",
      "license": "GPL-3.0-or-later",
      "locked_url": "https://github.com/flox/nixpkgs?rev=20075955deac2583bb12f07151c2df830ef346b4",
      "name": "less-679",
      "pname": "less",
      "rev": "20075955deac2583bb12f07151c2df830ef346b4",
      "rev_count": 846535,
      "rev_date": "2025-08-19T15:00:17Z",
      "scrape_date": "2025-08-24T16:57:30.899437Z",
      "stabilities": [
        "unstable"
      ],
      "unfree": false,
      "version": "679",
      "outputs_to_install": [
        "man",
        "out"
      ],
      "outputs": {
        "man": "/nix/store/bpfi9g79p1kiaq7p3kzmdfa7xsszf4rv-less-679-man",
        "out": "/nix/store/98vksd32f9dv8h36rj9l62wb5dcvvh11-less-679"
      },
      "system": "x86_64-linux",
      "group": "toplevel",
      "priority": 5
    },
    {
      "attr_path": "ripgrep",
      "broken": false,
      "derivation": "/nix/store/nahjn9wm7alxiag3v31h1wq5fz9qw33c-ripgrep-14.1.1.drv",
      "description": "Utility that combines the usability of The Silver Searcher with the raw speed of grep",
      "install_id": "ripgrep",
      "license": "[ Unlicense, MIT ]",
      "locked_url": "https://github.com/flox/nixpkgs?rev=20075955deac2583bb12f07151c2df830ef346b4",
      "name": "ripgrep-14.1.1",
      "pname": "ripgrep",
      "rev": "20075955deac2583bb12f07151c2df830ef346b4",
      "rev_count": 846535,
      "rev_date": "2025-08-19T15:00:17Z",
      "scrape_date": "2025-08-24T15:39:38.060110Z",
      "stabilities": [
        "unstable"
      ],
      "unfree": false,
      "version": "14.1.1",
      "outputs_to_install": [
        "out"
      ],
      "outputs": {
        "out": "/nix/store/md9kfvsz7axcb5b1z2yw2mybi3lhxyha-ripgrep-14.1.1"
      },
      "system": "aarch64-darwin",
      "group": "toplevel",
      "priority": 5
    },
    {
      "attr_path": "ripgrep",
      "broken": false,
      "derivation": "/nix/store/ay60yjb7ach8x3nf0k9g8v0x997rl3jg-ripgrep-14.1.1.drv",
      "description": "Utility that combines the usability of The Silver Searcher with the raw speed of grep",
      "install_id": "ripgrep",
      "license": "[ Unlicense, MIT ]",
      "locked_url": "https://github.com/flox/nixpkgs?rev=20075955deac2583bb12f07151c2df830ef346b4",
      "name": "ripgrep-14.1.1",
      "pname": "ripgrep",
      "rev": "20075955deac2583bb12f07151c2df830ef346b4",
      "rev_count": 846535,
      "rev_date": "2025-08-19T15:00:17Z",
      "scrape_date": "2025-08-24T16:06:41.065455Z",
      "stabilities": [
        "unstable"
      ],
      "unfree": false,
      "version": "14.1.1",
      "outputs_to_install": [
        "out"
      ],
      "outputs": {
        "out": "/nix/store/slgpwy2f6j68p47hifz503251dgxb075-ripgrep-14.1.1"
      },
      "system": "aarch64-linux",
      "group": "toplevel",
      "priority": 5
    },
    {
      "attr_path": "ripgrep",
      "broken": false,
      "derivation": "/nix/store/pm6lkcp7s6b9k8ck8x6930f7dpqmdbmj-ripgrep-14.1.1.drv",
      "description": "Utility that combines the usability of The Silver Searcher with the raw speed of grep",
      "install_id": "ripgrep",
      "license": "[ Unlicense, MIT ]",
      "locked_url": "https://github.com/flox/nixpkgs?rev=20075955deac2583bb12f07151c2df830ef346b4",
      "name": "ripgrep-14.1.1",
      "pname": "ripgrep",
      "rev": "20075955deac2583bb12f07151c2df830ef346b4",
      "rev_count": 846535,
      "rev_date": "2025-08-19T15:00:17Z",
      "scrape_date": "2025-08-24T16:30:06.900479Z",
      "stabilities": [
        "unstable"
      ],
      "unfree": false,
      "version": "14.1.1",
      "outputs_to_install": [
        "out"
      ],
      "outputs": {
        "out": "/nix/store/m645jkssqpw05acf1cnz037via2y0j4q-ripgrep-14.1.1"
      },
      "system": "x86_64-darwin",
      "group": "toplevel",
      "priority": 5
    },
    {
      "attr_path": "ripgrep",
      "broken": false,
      "derivation": "/nix/store/17adrnfwpnq6v56ay2m3yp10si3hx0bf-ripgrep-14.1.1.drv",
      "description": "Utility that combines the usability of The Silver Searcher with the raw speed of grep",
      "install_id": "ripgrep",
      "license": "[ Unlicense, MIT ]",
      "locked_url": "https://github.com/flox/nixpkgs?rev=20075955deac2583bb12f07151c2df830ef346b4",
      "name": "ripgrep-14.1.1",
      "pname": "ripgrep",
      "rev": "20075955deac2583bb12f07151c2df830ef346b4",
      "rev_count": 846535,
      "rev_date": "2025-08-19T15:00:17Z",
      "scrape_date": "2025-08-24T16:58:44.530585Z",
      "stabilities": [
        "unstable"
      ],
      "unfree": false,
      "version": "14.1.1",
      "outputs_to_install": [
        "out"
      ],
      "outputs": {
        "out": "/nix/store/1ijacjhy42pqx7vfi5mnsqrps2k3b8xf-ripgrep-14.1.1"
      },
      "system": "x86_64-linux",
      "group": "toplevel",
      "priority": 5
    }
  ]
}